
Microsoft Visual Studio Solution File, Format Version 12.00
# Visual Studio Version 17
VisualStudioVersion = 17.7.34031.279
MinimumVisualStudioVersion = 10.0.40219.1
Project("{9A19103F-16F7-4668-BE54-9A1E7A4F7556}") = "AzureSqlCoreApiWebApp", "src\AzureSqlCoreApiWebApp.csproj", "{B6C657A4-295C-4BBA-95D2-D5282C0C31FF}"
EndProject
Global
	GlobalSection(SolutionConfigurationPlatforms) = preSolution
		Debug|Any CPU = Debug|Any CPU
		Release|Any CPU = Release|Any CPU
	EndGlobalSection
	GlobalSection(ProjectConfigurationPlatforms) = postSolution
		{B6C657A4-295C-4BBA-95D2-D5282C0C31FF}.Debug|Any CPU.ActiveCfg = Debug|Any CPU
		{B6C657A4-295C-4BBA-95D2-D5282C0C31FF}.Debug|Any CPU.Build.0 = Debug|Any CPU
		{B6C657A4-295C-4BBA-95D2-D5282C0C31FF}.Release|Any CPU.ActiveCfg = Release|Any CPU
		{B6C657A4-295C-4BBA-95D2-D5282C0C31FF}.Release|Any CPU.Build.0 = Release|Any CPU
	EndGlobalSection
	GlobalSection(SolutionProperties) = preSolution
		HideSolutionNode = FALSE
	EndGlobalSection
	GlobalSection(ExtensibilityGlobals) = postSolution
		SolutionGuid = {E2A5537C-C933-4C51-A419-5C8749C248D4}
	EndGlobalSection
EndGlobal
